
Microsoft Visual Studio Solution File, Format Version 12.00
# Visual Studio 15
VisualStudioVersion = 15.0.26730.3
MinimumVisualStudioVersion = 10.0.40219.1
Project("{9A19103F-16F7-4668-BE54-9A1E7A4F7556}") = "ITJob.UI", "src\ITJob.UI\ITJob.UI.csproj", "{1AA49CE6-0F6B-484A-B776-415A7721059D}"
EndProject
Project("{9A19103F-16F7-4668-BE54-9A1E7A4F7556}") = "ITJob.Services", "src\ITJob.Services\ITJob.Services.csproj", "{0904D5BD-39F3-456D-9AA6-DF8C9F91ED4B}"
EndProject
Project("{9A19103F-16F7-4668-BE54-9A1E7A4F7556}") = "ITJob.ViewModels", "src\ITJob.ViewModels\ITJob.ViewModels.csproj", "{69DB6363-BDF6-48DA-9839-9E59FD0F4E70}"
EndProject
Project("{9A19103F-16F7-4668-BE54-9A1E7A4F7556}") = "ITJob.DomainModels", "src\ITJob.DomainModels\ITJob.DomainModels.csproj", "{B156B8AD-D49C-459E-B860-D0AA79DA57F9}"
EndProject
Project("{9A19103F-16F7-4668-BE54-9A1E7A4F7556}") = "ITJob.Repository", "src\ITJob.Repository\ITJob.Repository.csproj", "{D352183B-7962-46B6-8ED2-02E75581CEFB}"
EndProject
Project("{9A19103F-16F7-4668-BE54-9A1E7A4F7556}") = "ITJob.MsTests", "src\ITJob.MsTests\ITJob.MsTests.csproj", "{032F18C5-7C54-4BB0-ABE8-7EAC9C39CAF3}"
EndProject
Project("{9A19103F-16F7-4668-BE54-9A1E7A4F7556}") = "ITJob.Common", "src\ITJob.Common\ITJob.Common.csproj", "{DC7E315D-CF58-45D3-81B1-02CA547B48F8}"
EndProject
Project("{9A19103F-16F7-4668-BE54-9A1E7A4F7556}") = "ITJob.IocConfig", "src\ITJob.IocConfig\ITJob.IocConfig.csproj", "{511D1D84-EB73-41B2-BCD3-88F071110A5A}"
EndProject
Project("{2150E333-8FDC-42A3-9474-1A3956D46DE8}") = "1.WebApp", "1.WebApp", "{639AEE7E-FAB7-41EC-B97C-EBE1EBE44773}"
EndProject
Project("{2150E333-8FDC-42A3-9474-1A3956D46DE8}") = "2.Appliacation", "2.Appliacation", "{52FFBEB9-B81C-4AA8-BFE9-74581F3D399F}"
EndProject
Project("{2150E333-8FDC-42A3-9474-1A3956D46DE8}") = "3.Domain", "3.Domain", "{D4EE8D9F-9CBF-45F2-82F2-2879EB51275C}"
EndProject
Project("{2150E333-8FDC-42A3-9474-1A3956D46DE8}") = "4.Repository", "4.Repository", "{C7464CD7-EC17-4066-9565-7DB847646D38}"
EndProject
Project("{2150E333-8FDC-42A3-9474-1A3956D46DE8}") = "5.Infrastructure", "5.Infrastructure", "{15E25603-F1B8-4D63-9487-5CBE5604CEC8}"
EndProject
Global
	GlobalSection(SolutionConfigurationPlatforms) = preSolution
		Debug|Any CPU = Debug|Any CPU
		Release|Any CPU = Release|Any CPU
	EndGlobalSection
	GlobalSection(ProjectConfigurationPlatforms) = postSolution
		{1AA49CE6-0F6B-484A-B776-415A7721059D}.Debug|Any CPU.ActiveCfg = Debug|Any CPU
		{1AA49CE6-0F6B-484A-B776-415A7721059D}.Debug|Any CPU.Build.0 = Debug|Any CPU
		{1AA49CE6-0F6B-484A-B776-415A7721059D}.Release|Any CPU.ActiveCfg = Release|Any CPU
		{1AA49CE6-0F6B-484A-B776-415A7721059D}.Release|Any CPU.Build.0 = Release|Any CPU
		{0904D5BD-39F3-456D-9AA6-DF8C9F91ED4B}.Debug|Any CPU.ActiveCfg = Debug|Any CPU
		{0904D5BD-39F3-456D-9AA6-DF8C9F91ED4B}.Debug|Any CPU.Build.0 = Debug|Any CPU
		{0904D5BD-39F3-456D-9AA6-DF8C9F91ED4B}.Release|Any CPU.ActiveCfg = Release|Any CPU
		{0904D5BD-39F3-456D-9AA6-DF8C9F91ED4B}.Release|Any CPU.Build.0 = Release|Any CPU
		{69DB6363-BDF6-48DA-9839-9E59FD0F4E70}.Debug|Any CPU.ActiveCfg = Debug|Any CPU
		{69DB6363-BDF6-48DA-9839-9E59FD0F4E70}.Debug|Any CPU.Build.0 = Debug|Any CPU
		{69DB6363-BDF6-48DA-9839-9E59FD0F4E70}.Release|Any CPU.ActiveCfg = Release|Any CPU
		{69DB6363-BDF6-48DA-9839-9E59FD0F4E70}.Release|Any CPU.Build.0 = Release|Any CPU
		{B156B8AD-D49C-459E-B860-D0AA79DA57F9}.Debug|Any CPU.ActiveCfg = Debug|Any CPU
		{B156B8AD-D49C-459E-B860-D0AA79DA57F9}.Debug|Any CPU.Build.0 = Debug|Any CPU
		{B156B8AD-D49C-459E-B860-D0AA79DA57F9}.Release|Any CPU.ActiveCfg = Release|Any CPU
		{B156B8AD-D49C-459E-B860-D0AA79DA57F9}.Release|Any CPU.Build.0 = Release|Any CPU
		{D352183B-7962-46B6-8ED2-02E75581CEFB}.Debug|Any CPU.ActiveCfg = Debug|Any CPU
		{D352183B-7962-46B6-8ED2-02E75581CEFB}.Debug|Any CPU.Build.0 = Debug|Any CPU
		{D352183B-7962-46B6-8ED2-02E75581CEFB}.Release|Any CPU.ActiveCfg = Release|Any CPU
		{D352183B-7962-46B6-8ED2-02E75581CEFB}.Release|Any CPU.Build.0 = Release|Any CPU
		{032F18C5-7C54-4BB0-ABE8-7EAC9C39CAF3}.Debug|Any CPU.ActiveCfg = Debug|Any CPU
		{032F18C5-7C54-4BB0-ABE8-7EAC9C39CAF3}.Debug|Any CPU.Build.0 = Debug|Any CPU
		{032F18C5-7C54-4BB0-ABE8-7EAC9C39CAF3}.Release|Any CPU.ActiveCfg = Release|Any CPU
		{032F18C5-7C54-4BB0-ABE8-7EAC9C39CAF3}.Release|Any CPU.Build.0 = Release|Any CPU
		{DC7E315D-CF58-45D3-81B1-02CA547B48F8}.Debug|Any CPU.ActiveCfg = Debug|Any CPU
		{DC7E315D-CF58-45D3-81B1-02CA547B48F8}.Debug|Any CPU.Build.0 = Debug|Any CPU
		{DC7E315D-CF58-45D3-81B1-02CA547B48F8}.Release|Any CPU.ActiveCfg = Release|Any CPU
		{DC7E315D-CF58-45D3-81B1-02CA547B48F8}.Release|Any CPU.Build.0 = Release|Any CPU
		{511D1D84-EB73-41B2-BCD3-88F071110A5A}.Debug|Any CPU.ActiveCfg = Debug|Any CPU
		{511D1D84-EB73-41B2-BCD3-88F071110A5A}.Debug|Any CPU.Build.0 = Debug|Any CPU
		{511D1D84-EB73-41B2-BCD3-88F071110A5A}.Release|Any CPU.ActiveCfg = Release|Any CPU
		{511D1D84-EB73-41B2-BCD3-88F071110A5A}.Release|Any CPU.Build.0 = Release|Any CPU
	EndGlobalSection
	GlobalSection(SolutionProperties) = preSolution
		HideSolutionNode = FALSE
	EndGlobalSection
	GlobalSection(NestedProjects) = preSolution
		{1AA49CE6-0F6B-484A-B776-415A7721059D} = {639AEE7E-FAB7-41EC-B97C-EBE1EBE44773}
		{0904D5BD-39F3-456D-9AA6-DF8C9F91ED4B} = {52FFBEB9-B81C-4AA8-BFE9-74581F3D399F}
		{69DB6363-BDF6-48DA-9839-9E59FD0F4E70} = {52FFBEB9-B81C-4AA8-BFE9-74581F3D399F}
		{B156B8AD-D49C-459E-B860-D0AA79DA57F9} = {D4EE8D9F-9CBF-45F2-82F2-2879EB51275C}
		{D352183B-7962-46B6-8ED2-02E75581CEFB} = {C7464CD7-EC17-4066-9565-7DB847646D38}
		{032F18C5-7C54-4BB0-ABE8-7EAC9C39CAF3} = {15E25603-F1B8-4D63-9487-5CBE5604CEC8}
		{DC7E315D-CF58-45D3-81B1-02CA547B48F8} = {15E25603-F1B8-4D63-9487-5CBE5604CEC8}
		{511D1D84-EB73-41B2-BCD3-88F071110A5A} = {15E25603-F1B8-4D63-9487-5CBE5604CEC8}
	EndGlobalSection
	GlobalSection(ExtensibilityGlobals) = postSolution
		SolutionGuid = {298490BE-6F36-4F5C-9117-D44720489ABF}
	EndGlobalSection
EndGlobal
